
Microsoft Visual Studio Solution File, Format Version 12.00
# Visual Studio 15
VisualStudioVersion = 15.0.27428.2037
MinimumVisualStudioVersion = 10.0.40219.1
Project("{FAE04EC0-301F-11D3-BF4B-00C04F79EFBC}") = "WaesAssignment", "WaesAssignment\WaesAssignment.csproj", "{A39EDB7A-1F8A-425F-9BCE-B047743001F0}"
EndProject
Project("{FAE04EC0-301F-11D3-BF4B-00C04F79EFBC}") = "WaesAssignment.Tests", "WaesAssignment.Tests\WaesAssignment.Tests.csproj", "{2AC4673B-49ED-454C-BC84-A0B9C48745EA}"
EndProject
Global
	GlobalSection(SolutionConfigurationPlatforms) = preSolution
		Debug|Any CPU = Debug|Any CPU
		Release|Any CPU = Release|Any CPU
	EndGlobalSection
	GlobalSection(ProjectConfigurationPlatforms) = postSolution
		{A39EDB7A-1F8A-425F-9BCE-B047743001F0}.Debug|Any CPU.ActiveCfg = Debug|Any CPU
		{A39EDB7A-1F8A-425F-9BCE-B047743001F0}.Debug|Any CPU.Build.0 = Debug|Any CPU
		{A39EDB7A-1F8A-425F-9BCE-B047743001F0}.Release|Any CPU.ActiveCfg = Release|Any CPU
		{A39EDB7A-1F8A-425F-9BCE-B047743001F0}.Release|Any CPU.Build.0 = Release|Any CPU
		{2AC4673B-49ED-454C-BC84-A0B9C48745EA}.Debug|Any CPU.ActiveCfg = Debug|Any CPU
		{2AC4673B-49ED-454C-BC84-A0B9C48745EA}.Debug|Any CPU.Build.0 = Debug|Any CPU
		{2AC4673B-49ED-454C-BC84-A0B9C48745EA}.Release|Any CPU.ActiveCfg = Release|Any CPU
		{2AC4673B-49ED-454C-BC84-A0B9C48745EA}.Release|Any CPU.Build.0 = Release|Any CPU
	EndGlobalSection
	GlobalSection(SolutionProperties) = preSolution
		HideSolutionNode = FALSE
	EndGlobalSection
	GlobalSection(ExtensibilityGlobals) = postSolution
		SolutionGuid = {79C0BFBF-16B2-4823-8AE8-E25F8D907554}
	EndGlobalSection
EndGlobal
